
Microsoft Visual Studio Solution File, Format Version 12.00
# Visual Studio Version 17
VisualStudioVersion = 17.14.37111.16 d17.14
MinimumVisualStudioVersion = 10.0.40219.1
Project("{FAE04EC0-301F-11D3-BF4B-00C04F79EFBC}") = "SistemaChamados.Api", "SistemaChamados.Api\SistemaChamados.Api.csproj", "{938D5748-BB07-46D3-A4E4-99F60ADD7556}"
EndProject
Global
	GlobalSection(SolutionConfigurationPlatforms) = preSolution
		Debug|Any CPU = Debug|Any CPU
		Release|Any CPU = Release|Any CPU
	EndGlobalSection
	GlobalSection(ProjectConfigurationPlatforms) = postSolution
		{938D5748-BB07-46D3-A4E4-99F60ADD7556}.Debug|Any CPU.ActiveCfg = Debug|Any CPU
		{938D5748-BB07-46D3-A4E4-99F60ADD7556}.Debug|Any CPU.Build.0 = Debug|Any CPU
		{938D5748-BB07-46D3-A4E4-99F60ADD7556}.Release|Any CPU.ActiveCfg = Release|Any CPU
		{938D5748-BB07-46D3-A4E4-99F60ADD7556}.Release|Any CPU.Build.0 = Release|Any CPU
	EndGlobalSection
	GlobalSection(SolutionProperties) = preSolution
		HideSolutionNode = FALSE
	EndGlobalSection
	GlobalSection(ExtensibilityGlobals) = postSolution
		SolutionGuid = {7D9C0207-481F-416B-9977-425AC87A56AC}
	EndGlobalSection
EndGlobal
